// !$*UTF8*$!
{
	archiveVersion = 1;
	classes = {
	};
	objectVersion = 48;
	objects = {

/* Begin PBXBuildFile section */
		642955551FD0E48100E64029 /* AppDelegate.m in Sources */ = {isa = PBXBuildFile; fileRef = 642955541FD0E48100E64029 /* AppDelegate.m */; };
		642955581FD0E48100E64029 /* ViewController.m in Sources */ = {isa = PBXBuildFile; fileRef = 642955571FD0E48100E64029 /* ViewController.m */; };
		6429555B1FD0E48100E64029 /* Main.storyboard in Resources */ = {isa = PBXBuildFile; fileRef = 642955591FD0E48100E64029 /* Main.storyboard */; };
		6429555D1FD0E48100E64029 /* Assets.xcassets in Resources */ = {isa = PBXBuildFile; fileRef = 6429555C1FD0E48100E64029 /* Assets.xcassets */; };
		642955601FD0E48100E64029 /* LaunchScreen.storyboard in Resources */ = {isa = PBXBuildFile; fileRef = 6429555E1FD0E48100E64029 /* LaunchScreen.storyboard */; };
		642955631FD0E48100E64029 /* main.m in Sources */ = {isa = PBXBuildFile; fileRef = 642955621FD0E48100E64029 /* main.m */; };
		6429556D1FD0E48100E64029 /* TESTTests.m in Sources */ = {isa = PBXBuildFile; fileRef = 6429556C1FD0E48100E64029 /* TESTTests.m */; };
		642955781FD0E48200E64029 /* TESTUITests.m in Sources */ = {isa = PBXBuildFile; fileRef = 642955771FD0E48200E64029 /* TESTUITests.m */; };
/* End PBXBuildFile section */

/* Begin PBXContainerItemProxy section */
		642955691FD0E48100E64029 /* PBXContainerItemProxy */ = {
			isa = PBXContainerItemProxy;
			containerPortal = 642955481FD0E48100E64029 /* Project object */;
			proxyType = 1;
			remoteGlobalIDString = 6429554F1FD0E48100E64029;
			remoteInfo = TEST;
		};
		642955741FD0E48200E64029 /* PBXContainerItemProxy */ = {
			isa = PBXContainerItemProxy;
			containerPortal = 642955481FD0E48100E64029 /* Project object */;
			proxyType = 1;
			remoteGlobalIDString = 6429554F1FD0E48100E64029;
			remoteInfo = TEST;
		};
/* End PBXContainerItemProxy section */

/* Begin PBXFileReference section */
		642955501FD0E48100E64029 /* TEST.app */ = {isa = PBXFileReference; explicitFileType = wrapper.application; includeInIndex = 0; path = TEST.app; sourceTree = BUILT_PRODUCTS_DIR; };
		642955531FD0E48100E64029 /* AppDelegate.h */ = {isa = PBXFileReference; lastKnownFileType = sourcecode.c.h; path = AppDelegate.h; sourceTree = "<group>"; };
		642955541FD0E48100E64029 /* AppDelegate.m */ = {isa = PBXFileReference; lastKnownFileType = sourcecode.c.objc; path = AppDelegate.m; sourceTree = "<group>"; };
		642955561FD0E48100E64029 /* ViewController.h */ = {isa = PBXFileReference; lastKnownFileType = sourcecode.c.h; path = ViewController.h; sourceTree = "<group>"; };
		642955571FD0E48100E64029 /* ViewController.m */ = {isa = PBXFileReference; lastKnownFileType = sourcecode.c.objc; path = ViewController.m; sourceTree = "<group>"; };
		6429555A1FD0E48100E64029 /* Base */ = {isa = PBXFileReference; lastKnownFileType = file.storyboard; name = Base; path = Base.lproj/Main.storyboard; sourceTree = "<group>"; };
		6429555C1FD0E48100E64029 /* Assets.xcassets */ = {isa = PBXFileReference; lastKnownFileType = folder.assetcatalog; path = Assets.xcassets; sourceTree = "<group>"; };
		6429555F1FD0E48100E64029 /* Base */ = {isa = PBXFileReference; lastKnownFileType = file.storyboard; name = Base; path = Base.lproj/LaunchScreen.storyboard; sourceTree = "<group>"; };
		642955611FD0E48100E64029 /* Info.plist */ = {isa = PBXFileReference; lastKnownFileType = text.plist.xml; path = Info.plist; sourceTree = "<group>"; };
		642955621FD0E48100E64029 /* main.m */ = {isa = PBXFileReference; lastKnownFileType = sourcecode.c.objc; path = main.m; sourceTree = "<group>"; };
		642955681FD0E48100E64029 /* TESTTests.xctest */ = {isa = PBXFileReference; explicitFileType = wrapper.cfbundle; includeInIndex = 0; path = TESTTests.xctest; sourceTree = BUILT_PRODUCTS_DIR; };
		6429556C1FD0E48100E64029 /* TESTTests.m */ = {isa = PBXFileReference; lastKnownFileType = sourcecode.c.objc; path = TESTTests.m; sourceTree = "<group>"; };
		6429556E1FD0E48100E64029 /* Info.plist */ = {isa = PBXFileReference; lastKnownFileType = text.plist.xml; path = Info.plist; sourceTree = "<group>"; };
		642955731FD0E48200E64029 /* TESTUITests.xctest */ = {isa = PBXFileReference; explicitFileType = wrapper.cfbundle; includeInIndex = 0; path = TESTUITests.xctest; sourceTree = BUILT_PRODUCTS_DIR; };
		642955771FD0E48200E64029 /* TESTUITests.m */ = {isa = PBXFileReference; lastKnownFileType = sourcecode.c.objc; path = TESTUITests.m; sourceTree = "<group>"; };
		642955791FD0E48200E64029 /* Info.plist */ = {isa = PBXFileReference; lastKnownFileType = text.plist.xml; path = Info.plist; sourceTree = "<group>"; };
/* End PBXFileReference section */

/* Begin PBXFrameworksBuildPhase section */
		6429554D1FD0E48100E64029 /* Frameworks */ = {
			isa = PBXFrameworksBuildPhase;
			buildActionMask = 2147483647;
			files = (
			);
			runOnlyForDeploymentPostprocessing = 0;
		};
		642955651FD0E48100E64029 /* Frameworks */ = {
			isa = PBXFrameworksBuildPhase;
			buildActionMask = 2147483647;
			files = (
			);
			runOnlyForDeploymentPostprocessing = 0;
		};
		642955701FD0E48200E64029 /* Frameworks */ = {
			isa = PBXFrameworksBuildPhase;
			buildActionMask = 2147483647;
			files = (
			);
			runOnlyForDeploymentPostprocessing = 0;
		};
/* End PBXFrameworksBuildPhase section */

/* Begin PBXGroup section */
		642955471FD0E48100E64029 = {
			isa = PBXGroup;
			children = (
				642955521FD0E48100E64029 /* TEST */,
				6429556B1FD0E48100E64029 /* TESTTests */,
				642955761FD0E48200E64029 /* TESTUITests */,
				642955511FD0E48100E64029 /* Products */,
			);
			sourceTree = "<group>";
		};
		642955511FD0E48100E64029 /* Products */ = {
			isa = PBXGroup;
			children = (
				642955501FD0E48100E64029 /* TEST.app */,
				642955681FD0E48100E64029 /* TESTTests.xctest */,
				642955731FD0E48200E64029 /* TESTUITests.xctest */,
			);
			name = Products;
			sourceTree = "<group>";
		};
		642955521FD0E48100E64029 /* TEST */ = {
			isa = PBXGroup;
			children = (
				642955531FD0E48100E64029 /* AppDelegate.h */,
				642955541FD0E48100E64029 /* AppDelegate.m */,
				642955561FD0E48100E64029 /* ViewController.h */,
				642955571FD0E48100E64029 /* ViewController.m */,
				642955591FD0E48100E64029 /* Main.storyboard */,
				6429555C1FD0E48100E64029 /* Assets.xcassets */,
				6429555E1FD0E48100E64029 /* LaunchScreen.storyboard */,
				642955611FD0E48100E64029 /* Info.plist */,
				642955621FD0E48100E64029 /* main.m */,
			);
			path = TEST;
			sourceTree = "<group>";
		};
		6429556B1FD0E48100E64029 /* TESTTests */ = {
			isa = PBXGroup;
			children = (
				6429556C1FD0E48100E64029 /* TESTTests.m */,
				6429556E1FD0E48100E64029 /* Info.plist */,
			);
			path = TESTTests;
			sourceTree = "<group>";
		};
		642955761FD0E48200E64029 /* TESTUITests */ = {
			isa = PBXGroup;
			children = (
				642955771FD0E48200E64029 /* TESTUITests.m */,
				642955791FD0E48200E64029 /* Info.plist */,
			);
			path = TESTUITests;
			sourceTree = "<group>";
		};
/* End PBXGroup section */

/* Begin PBXNativeTarget section */
		6429554F1FD0E48100E64029 /* TEST */ = {
			isa = PBXNativeTarget;
			buildConfigurationList = 6429557C1FD0E48200E64029 /* Build configuration list for PBXNativeTarget "TEST" */;
			buildPhases = (
				6429554C1FD0E48100E64029 /* Sources */,
				6429554D1FD0E48100E64029 /* Frameworks */,
				6429554E1FD0E48100E64029 /* Resources */,
			);
			buildRules = (
			);
			dependencies = (
			);
			name = TEST;
			productName = TEST;
			productReference = 642955501FD0E48100E64029 /* TEST.app */;
			productType = "com.apple.product-type.application";
		};
		642955671FD0E48100E64029 /* TESTTests */ = {
			isa = PBXNativeTarget;
			buildConfigurationList = 6429557F1FD0E48200E64029 /* Build configuration list for PBXNativeTarget "TESTTests" */;
			buildPhases = (
				642955641FD0E48100E64029 /* Sources */,
				642955651FD0E48100E64029 /* Frameworks */,
				642955661FD0E48100E64029 /* Resources */,
			);
			buildRules = (
			);
			dependencies = (
				6429556A1FD0E48100E64029 /* PBXTargetDependency */,
			);
			name = TESTTests;
			productName = TESTTests;
			productReference = 642955681FD0E48100E64029 /* TESTTests.xctest */;
			productType = "com.apple.product-type.bundle.unit-test";
		};
		642955721FD0E48200E64029 /* TESTUITests */ = {
			isa = PBXNativeTarget;
			buildConfigurationList = 642955821FD0E48200E64029 /* Build configuration list for PBXNativeTarget "TESTUITests" */;
			buildPhases = (
				6429556F1FD0E48200E64029 /* Sources */,
				642955701FD0E48200E64029 /* Frameworks */,
				642955711FD0E48200E64029 /* Resources */,
			);
			buildRules = (
			);
			dependencies = (
				642955751FD0E48200E64029 /* PBXTargetDependency */,
			);
			name = TESTUITests;
			productName = TESTUITests;
			productReference = 642955731FD0E48200E64029 /* TESTUITests.xctest */;
			productType = "com.apple.product-type.bundle.ui-testing";
		};
/* End PBXNativeTarget section */

/* Begin PBXProject section */
		642955481FD0E48100E64029 /* Project object */ = {
			isa = PBXProject;
			attributes = {
				LastUpgradeCheck = 0910;
				ORGANIZATIONNAME = "小东邪";
				TargetAttributes = {
					6429554F1FD0E48100E64029 = {
						CreatedOnToolsVersion = 9.1;
						ProvisioningStyle = Automatic;
					};
					642955671FD0E48100E64029 = {
						CreatedOnToolsVersion = 9.1;
						ProvisioningStyle = Automatic;
						TestTargetID = 6429554F1FD0E48100E64029;
					};
					642955721FD0E48200E64029 = {
						CreatedOnToolsVersion = 9.1;
						ProvisioningStyle = Automatic;
						TestTargetID = 6429554F1FD0E48100E64029;
					};
				};
			};
			buildConfigurationList = 6429554B1FD0E48100E64029 /* Build configuration list for PBXProject "TEST" */;
			compatibilityVersion = "Xcode 8.0";
			developmentRegion = en;
			hasScannedForEncodings = 0;
			knownRegions = (
				en,
				Base,
			);
			mainGroup = 642955471FD0E48100E64029;
			productRefGroup = 642955511FD0E48100E64029 /* Products */;
			projectDirPath = "";
			projectRoot = "";
			targets = (
				6429554F1FD0E48100E64029 /* TEST */,
				642955671FD0E48100E64029 /* TESTTests */,
				642955721FD0E48200E64029 /* TESTUITests */,
			);
		};
/* End PBXProject section */

/* Begin PBXResourcesBuildPhase section */
		6429554E1FD0E48100E64029 /* Resources */ = {
			isa = PBXResourcesBuildPhase;
			buildActionMask = 2147483647;
			files = (
				642955601FD0E48100E64029 /* LaunchScreen.storyboard in Resources */,
				6429555D1FD0E48100E64029 /* Assets.xcassets in Resources */,
				6429555B1FD0E48100E64029 /* Main.storyboard in Resources */,
			);
			runOnlyForDeploymentPostprocessing = 0;
		};
		642955661FD0E48100E64029 /* Resources */ = {
			isa = PBXResourcesBuildPhase;
			buildActionMask = 2147483647;
			files = (
			);
			runOnlyForDeploymentPostprocessing = 0;
		};
		642955711FD0E48200E64029 /* Resources */ = {
			isa = PBXResourcesBuildPhase;
			buildActionMask = 2147483647;
			files = (
			);
			runOnlyForDeploymentPostprocessing = 0;
		};
/* End PBXResourcesBuildPhase section */

/* Begin PBXSourcesBuildPhase section */
		6429554C1FD0E48100E64029 /* Sources */ = {
			isa = PBXSourcesBuildPhase;
			buildActionMask = 2147483647;
			files = (
				642955581FD0E48100E64029 /* ViewController.m in Sources */,
				642955631FD0E48100E64029 /* main.m in Sources */,
				642955551FD0E48100E64029 /* AppDelegate.m in Sources */,
			);
			runOnlyForDeploymentPostprocessing = 0;
		};
		642955641FD0E48100E64029 /* Sources */ = {
			isa = PBXSourcesBuildPhase;
			buildActionMask = 2147483647;
			files = (
				6429556D1FD0E48100E64029 /* TESTTests.m in Sources */,
			);
			runOnlyForDeploymentPostprocessing = 0;
		};
		6429556F1FD0E48200E64029 /* Sources */ = {
			isa = PBXSourcesBuildPhase;
			buildActionMask = 2147483647;
			files = (
				642955781FD0E48200E64029 /* TESTUITests.m in Sources */,
			);
			runOnlyForDeploymentPostprocessing = 0;
		};
/* End PBXSourcesBuildPhase section */

/* Begin PBXTargetDependency section */
		6429556A1FD0E48100E64029 /* PBXTargetDependency */ = {
			isa = PBXTargetDependency;
			target = 6429554F1FD0E48100E64029 /* TEST */;
			targetProxy = 642955691FD0E48100E64029 /* PBXContainerItemProxy */;
		};
		642955751FD0E48200E64029 /* PBXTargetDependency */ = {
			isa = PBXTargetDependency;
			target = 6429554F1FD0E48100E64029 /* TEST */;
			targetProxy = 642955741FD0E48200E64029 /* PBXContainerItemProxy */;
		};
/* End PBXTargetDependency section */

/* Begin PBXVariantGroup section */
		642955591FD0E48100E64029 /* Main.storyboard */ = {
			isa = PBXVariantGroup;
			children = (
				6429555A1FD0E48100E64029 /* Base */,
			);
			name = Main.storyboard;
			sourceTree = "<group>";
		};
		6429555E1FD0E48100E64029 /* LaunchScreen.storyboard */ = {
			isa = PBXVariantGroup;
			children = (
				6429555F1FD0E48100E64029 /* Base */,
			);
			name = LaunchScreen.storyboard;
			sourceTree = "<group>";
		};
/* End PBXVariantGroup section */

/* Begin XCBuildConfiguration section */
		6429557A1FD0E48200E64029 /* Debug */ = {
			isa = XCBuildConfiguration;
			buildSettings = {
				ALWAYS_SEARCH_USER_PATHS = NO;
				CLANG_ANALYZER_NONNULL = YES;
				CLANG_ANALYZER_NUMBER_OBJECT_CONVERSION = YES_AGGRESSIVE;
				CLANG_CXX_LANGUAGE_STANDARD = "gnu++14";
				CLANG_CXX_LIBRARY = "libc++";
				CLANG_ENABLE_MODULES = YES;
				CLANG_ENABLE_OBJC_ARC = YES;
				CLANG_WARN_BLOCK_CAPTURE_AUTORELEASING = YES;
				CLANG_WARN_BOOL_CONVERSION = YES;
				CLANG_WARN_COMMA = YES;
				CLANG_WARN_CONSTANT_CONVERSION = YES;
				CLANG_WARN_DIRECT_OBJC_ISA_USAGE = YES_ERROR;
				CLANG_WARN_DOCUMENTATION_COMMENTS = YES;
				CLANG_WARN_EMPTY_BODY = YES;
				CLANG_WARN_ENUM_CONVERSION = YES;
				CLANG_WARN_INFINITE_RECURSION = YES;
				CLANG_WARN_INT_CONVERSION = YES;
				CLANG_WARN_NON_LITERAL_NULL_CONVERSION = YES;
				CLANG_WARN_OBJC_LITERAL_CONVERSION = YES;
				CLANG_WARN_OBJC_ROOT_CLASS = YES_ERROR;
				CLANG_WARN_RANGE_LOOP_ANALYSIS = YES;
				CLANG_WARN_STRICT_PROTOTYPES = YES;
				CLANG_WARN_SUSPICIOUS_MOVE = YES;
				CLANG_WARN_UNGUARDED_AVAILABILITY = YES_AGGRESSIVE;
				CLANG_WARN_UNREACHABLE_CODE = YES;
				CLANG_WARN__DUPLICATE_METHOD_MATCH = YES;
				CODE_SIGN_IDENTITY = "iPhone Developer";
				COPY_PHASE_STRIP = NO;
				DEBUG_INFORMATION_FORMAT = dwarf;
				ENABLE_STRICT_OBJC_MSGSEND = YES;
				ENABLE_TESTABILITY = YES;
				GCC_C_LANGUAGE_STANDARD = gnu11;
				GCC_DYNAMIC_NO_PIC = NO;
				GCC_NO_COMMON_BLOCKS = YES;
				GCC_OPTIMIZATION_LEVEL = 0;
				GCC_PREPROCESSOR_DEFINITIONS = (
					"DEBUG=1",
					"$(inherited)",
				);
				GCC_WARN_64_TO_32_BIT_CONVERSION = YES;
				GCC_WARN_ABOUT_RETURN_TYPE = YES_ERROR;
				GCC_WARN_UNDECLARED_SELECTOR = YES;
				GCC_WARN_UNINITIALIZED_AUTOS = YES_AGGRESSIVE;
				GCC_WARN_UNUSED_FUNCTION = YES;
				GCC_WARN_UNUSED_VARIABLE = YES;
				IPHONEOS_DEPLOYMENT_TARGET = 11.1;
				MTL_ENABLE_DEBUG_INFO = YES;
				ONLY_ACTIVE_ARCH = YES;
				SDKROOT = iphoneos;
			};
			name = Debug;
		};
		6429557B1FD0E48200E64029 /* Release */ = {
			isa = XCBuildConfiguration;
			buildSettings = {
				ALWAYS_SEARCH_USER_PATHS = NO;
				CLANG_ANALYZER_NONNULL = YES;
				CLANG_ANALYZER_NUMBER_OBJECT_CONVERSION = YES_AGGRESSIVE;
				CLANG_CXX_LANGUAGE_STANDARD = "gnu++14";
				CLANG_CXX_LIBRARY = "libc++";
				CLANG_ENABLE_MODULES = YES;
				CLANG_ENABLE_OBJC_ARC = YES;
				CLANG_WARN_BLOCK_CAPTURE_AUTORELEASING = YES;
				CLANG_WARN_BOOL_CONVERSION = YES;
				CLANG_WARN_COMMA = YES;
				CLANG_WARN_CONSTANT_CONVERSION = YES;
				CLANG_WARN_DIRECT_OBJC_ISA_USAGE = YES_ERROR;
				CLANG_WARN_DOCUMENTATION_COMMENTS = YES;
				CLANG_WARN_EMPTY_BODY = YES;
				CLANG_WARN_ENUM_CONVERSION = YES;
				CLANG_WARN_INFINITE_RECURSION = YES;
				CLANG_WARN_INT_CONVERSION = YES;
				CLANG_WARN_NON_LITERAL_NULL_CONVERSION = YES;
				CLANG_WARN_OBJC_LITERAL_CONVERSION = YES;
				CLANG_WARN_OBJC_ROOT_CLASS = YES_ERROR;
				CLANG_WARN_RANGE_LOOP_ANALYSIS = YES;
				CLANG_WARN_STRICT_PROTOTYPES = YES;
				CLANG_WARN_SUSPICIOUS_MOVE = YES;
				CLANG_WARN_UNGUARDED_AVAILABILITY = YES_AGGRESSIVE;
				CLANG_WARN_UNREACHABLE_CODE = YES;
				CLANG_WARN__DUPLICATE_METHOD_MATCH = YES;
				CODE_SIGN_IDENTITY = "iPhone Developer";
				COPY_PHASE_STRIP = NO;
				DEBUG_INFORMATION_FORMAT = "dwarf-with-dsym";
				ENABLE_NS_ASSERTIONS = NO;
				ENABLE_STRICT_OBJC_MSGSEND = YES;
				GCC_C_LANGUAGE_STANDARD = gnu11;
				GCC_NO_COMMON_BLOCKS = YES;
				GCC_WARN_64_TO_32_BIT_CONVERSION = YES;
				GCC_WARN_ABOUT_RETURN_TYPE = YES_ERROR;
				GCC_WARN_UNDECLARED_SELECTOR = YES;
				GCC_WARN_UNINITIALIZED_AUTOS = YES_AGGRESSIVE;
				GCC_WARN_UNUSED_FUNCTION = YES;
				GCC_WARN_UNUSED_VARIABLE = YES;
				IPHONEOS_DEPLOYMENT_TARGET = 11.1;
				MTL_ENABLE_DEBUG_INFO = NO;
				SDKROOT = iphoneos;
				VALIDATE_PRODUCT = YES;
			};
			name = Release;
		};
		6429557D1FD0E48200E64029 /* Debug */ = {
			isa = XCBuildConfiguration;
			buildSettings = {
				ASSETCATALOG_COMPILER_APPICON_NAME = AppIcon;
				CODE_SIGN_STYLE = Automatic;
				INFOPLIST_FILE = TEST/Info.plist;
				LD_RUNPATH_SEARCH_PATHS = "$(inherited) @executable_path/Frameworks";
				PRODUCT_BUNDLE_IDENTIFIER = com.xdx.TEST;
				PRODUCT_NAME = "$(TARGET_NAME)";
				TARGETED_DEVICE_FAMILY = "1,2";
			};
			name = Debug;
		};
		6429557E1FD0E48200E64029 /* Release */ = {
			isa = XCBuildConfiguration;
			buildSettings = {
				ASSETCATALOG_COMPILER_APPICON_NAME = AppIcon;
				CODE_SIGN_STYLE = Automatic;
				INFOPLIST_FILE = TEST/Info.plist;
				LD_RUNPATH_SEARCH_PATHS = "$(inherited) @executable_path/Frameworks";
				PRODUCT_BUNDLE_IDENTIFIER = com.xdx.TEST;
				PRODUCT_NAME = "$(TARGET_NAME)";
				TARGETED_DEVICE_FAMILY = "1,2";
			};
			name = Release;
		};
		642955801FD0E48200E64029 /* Debug */ = {
			isa = XCBuildConfiguration;
			buildSettings = {
				BUNDLE_LOADER = "$(TEST_HOST)";
				CODE_SIGN_STYLE = Automatic;
				INFOPLIST_FILE = TESTTests/Info.plist;
				LD_RUNPATH_SEARCH_PATHS = "$(inherited) @executable_path/Frameworks @loader_path/Frameworks";
				PRODUCT_BUNDLE_IDENTIFIER = com.xdx.TESTTests;
				PRODUCT_NAME = "$(TARGET_NAME)";
				TARGETED_DEVICE_FAMILY = "1,2";
				TEST_HOST = "$(BUILT_PRODUCTS_DIR)/TEST.app/TEST";
			};
			name = Debug;
		};
		642955811FD0E48200E64029 /* Release */ = {
			isa = XCBuildConfiguration;
			buildSettings = {
				BUNDLE_LOADER = "$(TEST_HOST)";
				CODE_SIGN_STYLE = Automatic;
				INFOPLIST_FILE = TESTTests/Info.plist;
				LD_RUNPATH_SEARCH_PATHS = "$(inherited) @executable_path/Frameworks @loader_path/Frameworks";
				PRODUCT_BUNDLE_IDENTIFIER = com.xdx.TESTTests;
				PRODUCT_NAME = "$(TARGET_NAME)";
				TARGETED_DEVICE_FAMILY = "1,2";
				TEST_HOST = "$(BUILT_PRODUCTS_DIR)/TEST.app/TEST";
			};
			name = Release;
		};
		642955831FD0E48200E64029 /* Debug */ = {
			isa = XCBuildConfiguration;
			buildSettings = {
				CODE_SIGN_STYLE = Automatic;
				INFOPLIST_FILE = TESTUITests/Info.plist;
				LD_RUNPATH_SEARCH_PATHS = "$(inherited) @executable_path/Frameworks @loader_path/Frameworks";
				PRODUCT_BUNDLE_IDENTIFIER = com.xdx.TESTUITests;
				PRODUCT_NAME = "$(TARGET_NAME)";
				TARGETED_DEVICE_FAMILY = "1,2";
				TEST_TARGET_NAME = TEST;
			};
			name = Debug;
		};
		642955841FD0E48200E64029 /* Release */ = {
			isa = XCBuildConfiguration;
			buildSettings = {
				CODE_SIGN_STYLE = Automatic;
				INFOPLIST_FILE = TESTUITests/Info.plist;
				LD_RUNPATH_SEARCH_PATHS = "$(inherited) @executable_path/Frameworks @loader_path/Frameworks";
				PRODUCT_BUNDLE_IDENTIFIER = com.xdx.TESTUITests;
				PRODUCT_NAME = "$(TARGET_NAME)";
				TARGETED_DEVICE_FAMILY = "1,2";
				TEST_TARGET_NAME = TEST;
			};
			name = Release;
		};
/* End XCBuildConfiguration section */

/* Begin XCConfigurationList section */
		6429554B1FD0E48100E64029 /* Build configuration list for PBXProject "TEST" */ = {
			isa = XCConfigurationList;
			buildConfigurations = (
				6429557A1FD0E48200E64029 /* Debug */,
				6429557B1FD0E48200E64029 /* Release */,
			);
			defaultConfigurationIsVisible = 0;
			defaultConfigurationName = Release;
		};
		6429557C1FD0E48200E64029 /* Build configuration list for PBXNativeTarget "TEST" */ = {
			isa = XCConfigurationList;
			buildConfigurations = (
				6429557D1FD0E48200E64029 /* Debug */,
				6429557E1FD0E48200E64029 /* Release */,
			);
			defaultConfigurationIsVisible = 0;
			defaultConfigurationName = Release;
		};
		6429557F1FD0E48200E64029 /* Build configuration list for PBXNativeTarget "TESTTests" */ = {
			isa = XCConfigurationList;
			buildConfigurations = (
				642955801FD0E48200E64029 /* Debug */,
				642955811FD0E48200E64029 /* Release */,
			);
			defaultConfigurationIsVisible = 0;
			defaultConfigurationName = Release;
		};
		642955821FD0E48200E64029 /* Build configuration list for PBXNativeTarget "TESTUITests" */ = {
			isa = XCConfigurationList;
			buildConfigurations = (
				642955831FD0E48200E64029 /* Debug */,
				642955841FD0E48200E64029 /* Release */,
			);
			defaultConfigurationIsVisible = 0;
			defaultConfigurationName = Release;
		};
/* End XCConfigurationList section */
	};
	rootObject = 642955481FD0E48100E64029 /* Project object */;
}
